
Microsoft Visual Studio Solution File, Format Version 12.00
# Visual Studio 15
VisualStudioVersion = 15.0.28010.2036
MinimumVisualStudioVersion = 10.0.40219.1
Project("{2150E333-8FDC-42A3-9474-1A3956D46DE8}") = "library", "library", "{30307182-57B4-4A68-939C-9A3500329E21}"
EndProject
Project("{8BC9CEB8-8B4A-11D0-8D11-00A0C91BC942}") = "KernelCheatAssistant", "KernelCheatAssistant\KernelCheatAssistant.vcxproj", "{A85F4BA1-EF46-44F5-AB9C-303D98F03A7E}"
EndProject
Project("{2150E333-8FDC-42A3-9474-1A3956D46DE8}") = "common", "common", "{7861CBF7-EE6C-4C48-89CE-92BE94B755B4}"
	ProjectSection(SolutionItems) = preProject
		consts.h = consts.h
		Key.hpp = Key.hpp
		memory.hpp = memory.hpp
		VMProtectSDK.h = VMProtectSDK.h
	EndProjectSection
EndProject
Project("{2150E333-8FDC-42A3-9474-1A3956D46DE8}") = "dll", "dll", "{9B50C8A6-C747-4383-8DFF-FCDDD1030567}"
EndProject
Project("{8BC9CEB8-8B4A-11D0-8D11-00A0C91BC942}") = "CheatAssistant", "CheatAssistant\CheatAssistant.vcxproj", "{D2226B03-A455-48BF-BE51-9B2772BE8206}"
	ProjectSection(ProjectDependencies) = postProject
		{1EA46907-94CE-4BD8-A884-F915ED0C7637} = {1EA46907-94CE-4BD8-A884-F915ED0C7637}
		{B6CD3340-EB51-4C33-862F-0054EFC21ACA} = {B6CD3340-EB51-4C33-862F-0054EFC21ACA}
		{2CC2B990-0F24-4E21-A51A-D0ACE6BF7382} = {2CC2B990-0F24-4E21-A51A-D0ACE6BF7382}
		{B30501A3-455F-4E7D-BF2A-F5243FE6AEF6} = {B30501A3-455F-4E7D-BF2A-F5243FE6AEF6}
		{7C6983B4-8E16-4A3A-9494-E4155180EB63} = {7C6983B4-8E16-4A3A-9494-E4155180EB63}
		{4309D3BF-96CE-4554-A4D4-53035758D09E} = {4309D3BF-96CE-4554-A4D4-53035758D09E}
	EndProjectSection
EndProject
Project("{2150E333-8FDC-42A3-9474-1A3956D46DE8}") = "other", "other", "{CD6063B9-184C-480F-9F28-92BB5DE9C912}"
EndProject
Project("{8BC9CEB8-8B4A-11D0-8D11-00A0C91BC942}") = "CheatAssistantDll", "CheatAssistantDll\CheatAssistantDll.vcxproj", "{17504BEA-A25B-4B7F-8819-35426625430D}"
	ProjectSection(ProjectDependencies) = postProject
		{B6CD3340-EB51-4C33-862F-0054EFC21ACA} = {B6CD3340-EB51-4C33-862F-0054EFC21ACA}
		{2CC2B990-0F24-4E21-A51A-D0ACE6BF7382} = {2CC2B990-0F24-4E21-A51A-D0ACE6BF7382}
		{B30501A3-455F-4E7D-BF2A-F5243FE6AEF6} = {B30501A3-455F-4E7D-BF2A-F5243FE6AEF6}
		{7C6983B4-8E16-4A3A-9494-E4155180EB63} = {7C6983B4-8E16-4A3A-9494-E4155180EB63}
		{4309D3BF-96CE-4554-A4D4-53035758D09E} = {4309D3BF-96CE-4554-A4D4-53035758D09E}
	EndProjectSection
EndProject
Project("{8BC9CEB8-8B4A-11D0-8D11-00A0C91BC942}") = "Kca", "Kca\Kca.vcxproj", "{4309D3BF-96CE-4554-A4D4-53035758D09E}"
	ProjectSection(ProjectDependencies) = postProject
		{1EA46907-94CE-4BD8-A884-F915ED0C7637} = {1EA46907-94CE-4BD8-A884-F915ED0C7637}
	EndProjectSection
EndProject
Project("{8BC9CEB8-8B4A-11D0-8D11-00A0C91BC942}") = "CAM", "CAM\CAM.vcxproj", "{02445B7B-2CAE-4577-925E-634F4DD6FCF7}"
EndProject
Project("{8BC9CEB8-8B4A-11D0-8D11-00A0C91BC942}") = "utils", "utils\utils.vcxproj", "{2CC2B990-0F24-4E21-A51A-D0ACE6BF7382}"
EndProject
Project("{8BC9CEB8-8B4A-11D0-8D11-00A0C91BC942}") = "memory_loader", "memory_loader\memory_loader.vcxproj", "{B6CD3340-EB51-4C33-862F-0054EFC21ACA}"
EndProject
Project("{8BC9CEB8-8B4A-11D0-8D11-00A0C91BC942}") = "msdk", "msdk\msdk.vcxproj", "{7C6983B4-8E16-4A3A-9494-E4155180EB63}"
EndProject
Project("{8BC9CEB8-8B4A-11D0-8D11-00A0C91BC942}") = "driver_control", "driver_control\driver_control.vcxproj", "{1EA46907-94CE-4BD8-A884-F915ED0C7637}"
EndProject
Project("{8BC9CEB8-8B4A-11D0-8D11-00A0C91BC942}") = "lua53", "lua53\lua53.vcxproj", "{B30501A3-455F-4E7D-BF2A-F5243FE6AEF6}"
EndProject
Project("{8BC9CEB8-8B4A-11D0-8D11-00A0C91BC942}") = "Test", "Test\Test.vcxproj", "{AD73C66C-54CA-410E-B8AE-C3FE3067B9B1}"
EndProject
Project("{8BC9CEB8-8B4A-11D0-8D11-00A0C91BC942}") = "http", "http\http.vcxproj", "{385FD0F1-C90B-4457-BA65-E5E6086FDAB3}"
EndProject
Project("{8BC9CEB8-8B4A-11D0-8D11-00A0C91BC942}") = "Loader", "Loader\Loader.vcxproj", "{ABAD9712-CDCB-4D79-95D7-282767BAE28C}"
EndProject
Project("{8BC9CEB8-8B4A-11D0-8D11-00A0C91BC942}") = "CheatAssistantLua", "CheatAssistantLua\CheatAssistantLua.vcxproj", "{50C04D67-8143-42A8-90F7-52C6881ECBEC}"
	ProjectSection(ProjectDependencies) = postProject
		{1EA46907-94CE-4BD8-A884-F915ED0C7637} = {1EA46907-94CE-4BD8-A884-F915ED0C7637}
		{B6CD3340-EB51-4C33-862F-0054EFC21ACA} = {B6CD3340-EB51-4C33-862F-0054EFC21ACA}
		{2CC2B990-0F24-4E21-A51A-D0ACE6BF7382} = {2CC2B990-0F24-4E21-A51A-D0ACE6BF7382}
		{B30501A3-455F-4E7D-BF2A-F5243FE6AEF6} = {B30501A3-455F-4E7D-BF2A-F5243FE6AEF6}
		{7C6983B4-8E16-4A3A-9494-E4155180EB63} = {7C6983B4-8E16-4A3A-9494-E4155180EB63}
		{4309D3BF-96CE-4554-A4D4-53035758D09E} = {4309D3BF-96CE-4554-A4D4-53035758D09E}
	EndProjectSection
EndProject
Project("{8BC9CEB8-8B4A-11D0-8D11-00A0C91BC942}") = "Assembler", "Assembler\Assembler.vcxproj", "{D2624E0A-424B-4945-ACA5-70747E9B13B2}"
EndProject
Project("{2150E333-8FDC-42A3-9474-1A3956D46DE8}") = "services", "services", "{1ABF5D87-D53B-41CC-88E6-5329662172C8}"
EndProject
Project("{8BC9CEB8-8B4A-11D0-8D11-00A0C91BC942}") = "ServicesExe", "ServicesExe\ServicesExe.vcxproj", "{61B2C9B7-E61D-422A-B3D4-D090F0F180FE}"
EndProject
Project("{8BC9CEB8-8B4A-11D0-8D11-00A0C91BC942}") = "ServicesDll", "ServicesDll\ServicesDll.vcxproj", "{365F503C-D8CC-4737-9B55-B7DA268D541A}"
EndProject
Project("{8BC9CEB8-8B4A-11D0-8D11-00A0C91BC942}") = "winApiKeyEvent", "send_input\send_input.vcxproj", "{FE796201-CC9B-4AAE-BD1C-2ECAD299B523}"
EndProject
Project("{8BC9CEB8-8B4A-11D0-8D11-00A0C91BC942}") = "KernelCheatAssistant2", "KernelCheatAssistant2\KernelCheatAssistant2.vcxproj", "{804BC20C-9581-4AF7-8841-B850BBD7F6AE}"
EndProject
Project("{8BC9CEB8-8B4A-11D0-8D11-00A0C91BC942}") = "KernelCheatAssistan3", "KernelCheatAssistan3\KernelCheatAssistan3.vcxproj", "{33A5F622-5B4A-4ED0-A7CA-25D732DA751B}"
EndProject
Global
	GlobalSection(SolutionConfigurationPlatforms) = preSolution
		Debug|ARM = Debug|ARM
		Debug|ARM64 = Debug|ARM64
		Debug|x64 = Debug|x64
		Debug|x86 = Debug|x86
		Release|ARM = Release|ARM
		Release|ARM64 = Release|ARM64
		Release|x64 = Release|x64
		Release|x86 = Release|x86
	EndGlobalSection
	GlobalSection(ProjectConfigurationPlatforms) = postSolution
		{A85F4BA1-EF46-44F5-AB9C-303D98F03A7E}.Debug|ARM.ActiveCfg = Debug|ARM
		{A85F4BA1-EF46-44F5-AB9C-303D98F03A7E}.Debug|ARM.Build.0 = Debug|ARM
		{A85F4BA1-EF46-44F5-AB9C-303D98F03A7E}.Debug|ARM.Deploy.0 = Debug|ARM
		{A85F4BA1-EF46-44F5-AB9C-303D98F03A7E}.Debug|ARM64.ActiveCfg = Debug|ARM64
		{A85F4BA1-EF46-44F5-AB9C-303D98F03A7E}.Debug|ARM64.Build.0 = Debug|ARM64
		{A85F4BA1-EF46-44F5-AB9C-303D98F03A7E}.Debug|ARM64.Deploy.0 = Debug|ARM64
		{A85F4BA1-EF46-44F5-AB9C-303D98F03A7E}.Debug|x64.ActiveCfg = Debug|x64
		{A85F4BA1-EF46-44F5-AB9C-303D98F03A7E}.Debug|x64.Build.0 = Debug|x64
		{A85F4BA1-EF46-44F5-AB9C-303D98F03A7E}.Debug|x64.Deploy.0 = Debug|x64
		{A85F4BA1-EF46-44F5-AB9C-303D98F03A7E}.Debug|x86.ActiveCfg = Debug|Win32
		{A85F4BA1-EF46-44F5-AB9C-303D98F03A7E}.Debug|x86.Build.0 = Debug|Win32
		{A85F4BA1-EF46-44F5-AB9C-303D98F03A7E}.Debug|x86.Deploy.0 = Debug|Win32
		{A85F4BA1-EF46-44F5-AB9C-303D98F03A7E}.Release|ARM.ActiveCfg = Release|ARM
		{A85F4BA1-EF46-44F5-AB9C-303D98F03A7E}.Release|ARM.Build.0 = Release|ARM
		{A85F4BA1-EF46-44F5-AB9C-303D98F03A7E}.Release|ARM.Deploy.0 = Release|ARM
		{A85F4BA1-EF46-44F5-AB9C-303D98F03A7E}.Release|ARM64.ActiveCfg = Release|ARM64
		{A85F4BA1-EF46-44F5-AB9C-303D98F03A7E}.Release|ARM64.Build.0 = Release|ARM64
		{A85F4BA1-EF46-44F5-AB9C-303D98F03A7E}.Release|ARM64.Deploy.0 = Release|ARM64
		{A85F4BA1-EF46-44F5-AB9C-303D98F03A7E}.Release|x64.ActiveCfg = Release|x64
		{A85F4BA1-EF46-44F5-AB9C-303D98F03A7E}.Release|x64.Build.0 = Release|x64
		{A85F4BA1-EF46-44F5-AB9C-303D98F03A7E}.Release|x64.Deploy.0 = Release|x64
		{A85F4BA1-EF46-44F5-AB9C-303D98F03A7E}.Release|x86.ActiveCfg = Release|Win32
		{A85F4BA1-EF46-44F5-AB9C-303D98F03A7E}.Release|x86.Build.0 = Release|Win32
		{A85F4BA1-EF46-44F5-AB9C-303D98F03A7E}.Release|x86.Deploy.0 = Release|Win32
		{D2226B03-A455-48BF-BE51-9B2772BE8206}.Debug|ARM.ActiveCfg = Debug|Win32
		{D2226B03-A455-48BF-BE51-9B2772BE8206}.Debug|ARM64.ActiveCfg = Debug|Win32
		{D2226B03-A455-48BF-BE51-9B2772BE8206}.Debug|x64.ActiveCfg = Debug|x64
		{D2226B03-A455-48BF-BE51-9B2772BE8206}.Debug|x64.Build.0 = Debug|x64
		{D2226B03-A455-48BF-BE51-9B2772BE8206}.Debug|x86.ActiveCfg = Debug|Win32
		{D2226B03-A455-48BF-BE51-9B2772BE8206}.Debug|x86.Build.0 = Debug|Win32
		{D2226B03-A455-48BF-BE51-9B2772BE8206}.Release|ARM.ActiveCfg = Release|Win32
		{D2226B03-A455-48BF-BE51-9B2772BE8206}.Release|ARM64.ActiveCfg = Release|Win32
		{D2226B03-A455-48BF-BE51-9B2772BE8206}.Release|x64.ActiveCfg = Release|x64
		{D2226B03-A455-48BF-BE51-9B2772BE8206}.Release|x64.Build.0 = Release|x64
		{D2226B03-A455-48BF-BE51-9B2772BE8206}.Release|x86.ActiveCfg = Release|Win32
		{D2226B03-A455-48BF-BE51-9B2772BE8206}.Release|x86.Build.0 = Release|Win32
		{17504BEA-A25B-4B7F-8819-35426625430D}.Debug|ARM.ActiveCfg = Debug|Win32
		{17504BEA-A25B-4B7F-8819-35426625430D}.Debug|ARM64.ActiveCfg = Debug|Win32
		{17504BEA-A25B-4B7F-8819-35426625430D}.Debug|x64.ActiveCfg = Debug|x64
		{17504BEA-A25B-4B7F-8819-35426625430D}.Debug|x86.ActiveCfg = Debug|Win32
		{17504BEA-A25B-4B7F-8819-35426625430D}.Debug|x86.Build.0 = Debug|Win32
		{17504BEA-A25B-4B7F-8819-35426625430D}.Release|ARM.ActiveCfg = Release|Win32
		{17504BEA-A25B-4B7F-8819-35426625430D}.Release|ARM64.ActiveCfg = Release|Win32
		{17504BEA-A25B-4B7F-8819-35426625430D}.Release|x64.ActiveCfg = Release|x64
		{17504BEA-A25B-4B7F-8819-35426625430D}.Release|x86.ActiveCfg = Release|Win32
		{17504BEA-A25B-4B7F-8819-35426625430D}.Release|x86.Build.0 = Release|Win32
		{4309D3BF-96CE-4554-A4D4-53035758D09E}.Debug|ARM.ActiveCfg = Debug|Win32
		{4309D3BF-96CE-4554-A4D4-53035758D09E}.Debug|ARM64.ActiveCfg = Debug|Win32
		{4309D3BF-96CE-4554-A4D4-53035758D09E}.Debug|x64.ActiveCfg = Debug|x64
		{4309D3BF-96CE-4554-A4D4-53035758D09E}.Debug|x64.Build.0 = Debug|x64
		{4309D3BF-96CE-4554-A4D4-53035758D09E}.Debug|x86.ActiveCfg = Debug|Win32
		{4309D3BF-96CE-4554-A4D4-53035758D09E}.Debug|x86.Build.0 = Debug|Win32
		{4309D3BF-96CE-4554-A4D4-53035758D09E}.Release|ARM.ActiveCfg = Release|Win32
		{4309D3BF-96CE-4554-A4D4-53035758D09E}.Release|ARM64.ActiveCfg = Release|Win32
		{4309D3BF-96CE-4554-A4D4-53035758D09E}.Release|x64.ActiveCfg = Release|x64
		{4309D3BF-96CE-4554-A4D4-53035758D09E}.Release|x64.Build.0 = Release|x64
		{4309D3BF-96CE-4554-A4D4-53035758D09E}.Release|x86.ActiveCfg = Release|Win32
		{4309D3BF-96CE-4554-A4D4-53035758D09E}.Release|x86.Build.0 = Release|Win32
		{02445B7B-2CAE-4577-925E-634F4DD6FCF7}.Debug|ARM.ActiveCfg = Debug|Win32
		{02445B7B-2CAE-4577-925E-634F4DD6FCF7}.Debug|ARM64.ActiveCfg = Debug|Win32
		{02445B7B-2CAE-4577-925E-634F4DD6FCF7}.Debug|x64.ActiveCfg = Debug|x64
		{02445B7B-2CAE-4577-925E-634F4DD6FCF7}.Debug|x64.Build.0 = Debug|x64
		{02445B7B-2CAE-4577-925E-634F4DD6FCF7}.Debug|x86.ActiveCfg = Debug|Win32
		{02445B7B-2CAE-4577-925E-634F4DD6FCF7}.Debug|x86.Build.0 = Debug|Win32
		{02445B7B-2CAE-4577-925E-634F4DD6FCF7}.Release|ARM.ActiveCfg = Release|Win32
		{02445B7B-2CAE-4577-925E-634F4DD6FCF7}.Release|ARM64.ActiveCfg = Release|Win32
		{02445B7B-2CAE-4577-925E-634F4DD6FCF7}.Release|x64.ActiveCfg = Release|x64
		{02445B7B-2CAE-4577-925E-634F4DD6FCF7}.Release|x64.Build.0 = Release|x64
		{02445B7B-2CAE-4577-925E-634F4DD6FCF7}.Release|x86.ActiveCfg = Release|Win32
		{02445B7B-2CAE-4577-925E-634F4DD6FCF7}.Release|x86.Build.0 = Release|Win32
		{2CC2B990-0F24-4E21-A51A-D0ACE6BF7382}.Debug|ARM.ActiveCfg = Debug|Win32
		{2CC2B990-0F24-4E21-A51A-D0ACE6BF7382}.Debug|ARM64.ActiveCfg = Debug|Win32
		{2CC2B990-0F24-4E21-A51A-D0ACE6BF7382}.Debug|x64.ActiveCfg = Debug|x64
		{2CC2B990-0F24-4E21-A51A-D0ACE6BF7382}.Debug|x64.Build.0 = Debug|x64
		{2CC2B990-0F24-4E21-A51A-D0ACE6BF7382}.Debug|x86.ActiveCfg = Debug|Win32
		{2CC2B990-0F24-4E21-A51A-D0ACE6BF7382}.Debug|x86.Build.0 = Debug|Win32
		{2CC2B990-0F24-4E21-A51A-D0ACE6BF7382}.Release|ARM.ActiveCfg = Release|Win32
		{2CC2B990-0F24-4E21-A51A-D0ACE6BF7382}.Release|ARM64.ActiveCfg = Release|Win32
		{2CC2B990-0F24-4E21-A51A-D0ACE6BF7382}.Release|x64.ActiveCfg = Release|x64
		{2CC2B990-0F24-4E21-A51A-D0ACE6BF7382}.Release|x64.Build.0 = Release|x64
		{2CC2B990-0F24-4E21-A51A-D0ACE6BF7382}.Release|x86.ActiveCfg = Release|Win32
		{2CC2B990-0F24-4E21-A51A-D0ACE6BF7382}.Release|x86.Build.0 = Release|Win32
		{B6CD3340-EB51-4C33-862F-0054EFC21ACA}.Debug|ARM.ActiveCfg = Debug|Win32
		{B6CD3340-EB51-4C33-862F-0054EFC21ACA}.Debug|ARM64.ActiveCfg = Debug|Win32
		{B6CD3340-EB51-4C33-862F-0054EFC21ACA}.Debug|x64.ActiveCfg = Debug|x64
		{B6CD3340-EB51-4C33-862F-0054EFC21ACA}.Debug|x64.Build.0 = Debug|x64
		{B6CD3340-EB51-4C33-862F-0054EFC21ACA}.Debug|x86.ActiveCfg = Debug|Win32
		{B6CD3340-EB51-4C33-862F-0054EFC21ACA}.Debug|x86.Build.0 = Debug|Win32
		{B6CD3340-EB51-4C33-862F-0054EFC21ACA}.Release|ARM.ActiveCfg = Release|Win32
		{B6CD3340-EB51-4C33-862F-0054EFC21ACA}.Release|ARM64.ActiveCfg = Release|Win32
		{B6CD3340-EB51-4C33-862F-0054EFC21ACA}.Release|x64.ActiveCfg = Release|x64
		{B6CD3340-EB51-4C33-862F-0054EFC21ACA}.Release|x64.Build.0 = Release|x64
		{B6CD3340-EB51-4C33-862F-0054EFC21ACA}.Release|x86.ActiveCfg = Release|Win32
		{B6CD3340-EB51-4C33-862F-0054EFC21ACA}.Release|x86.Build.0 = Release|Win32
		{7C6983B4-8E16-4A3A-9494-E4155180EB63}.Debug|ARM.ActiveCfg = Debug|Win32
		{7C6983B4-8E16-4A3A-9494-E4155180EB63}.Debug|ARM64.ActiveCfg = Debug|Win32
		{7C6983B4-8E16-4A3A-9494-E4155180EB63}.Debug|x64.ActiveCfg = Debug|x64
		{7C6983B4-8E16-4A3A-9494-E4155180EB63}.Debug|x64.Build.0 = Debug|x64
		{7C6983B4-8E16-4A3A-9494-E4155180EB63}.Debug|x86.ActiveCfg = Debug|Win32
		{7C6983B4-8E16-4A3A-9494-E4155180EB63}.Debug|x86.Build.0 = Debug|Win32
		{7C6983B4-8E16-4A3A-9494-E4155180EB63}.Release|ARM.ActiveCfg = Release|Win32
		{7C6983B4-8E16-4A3A-9494-E4155180EB63}.Release|ARM64.ActiveCfg = Release|Win32
		{7C6983B4-8E16-4A3A-9494-E4155180EB63}.Release|x64.ActiveCfg = Release|x64
		{7C6983B4-8E16-4A3A-9494-E4155180EB63}.Release|x64.Build.0 = Release|x64
		{7C6983B4-8E16-4A3A-9494-E4155180EB63}.Release|x86.ActiveCfg = Release|Win32
		{7C6983B4-8E16-4A3A-9494-E4155180EB63}.Release|x86.Build.0 = Release|Win32
		{1EA46907-94CE-4BD8-A884-F915ED0C7637}.Debug|ARM.ActiveCfg = Debug|Win32
		{1EA46907-94CE-4BD8-A884-F915ED0C7637}.Debug|ARM64.ActiveCfg = Debug|Win32
		{1EA46907-94CE-4BD8-A884-F915ED0C7637}.Debug|x64.ActiveCfg = Debug|x64
		{1EA46907-94CE-4BD8-A884-F915ED0C7637}.Debug|x64.Build.0 = Debug|x64
		{1EA46907-94CE-4BD8-A884-F915ED0C7637}.Debug|x86.ActiveCfg = Debug|Win32
		{1EA46907-94CE-4BD8-A884-F915ED0C7637}.Debug|x86.Build.0 = Debug|Win32
		{1EA46907-94CE-4BD8-A884-F915ED0C7637}.Release|ARM.ActiveCfg = Release|Win32
		{1EA46907-94CE-4BD8-A884-F915ED0C7637}.Release|ARM64.ActiveCfg = Release|Win32
		{1EA46907-94CE-4BD8-A884-F915ED0C7637}.Release|x64.ActiveCfg = Release|x64
		{1EA46907-94CE-4BD8-A884-F915ED0C7637}.Release|x64.Build.0 = Release|x64
		{1EA46907-94CE-4BD8-A884-F915ED0C7637}.Release|x86.ActiveCfg = Release|Win32
		{1EA46907-94CE-4BD8-A884-F915ED0C7637}.Release|x86.Build.0 = Release|Win32
		{B30501A3-455F-4E7D-BF2A-F5243FE6AEF6}.Debug|ARM.ActiveCfg = Debug|Win32
		{B30501A3-455F-4E7D-BF2A-F5243FE6AEF6}.Debug|ARM64.ActiveCfg = Debug|Win32
		{B30501A3-455F-4E7D-BF2A-F5243FE6AEF6}.Debug|x64.ActiveCfg = Debug|x64
		{B30501A3-455F-4E7D-BF2A-F5243FE6AEF6}.Debug|x64.Build.0 = Debug|x64
		{B30501A3-455F-4E7D-BF2A-F5243FE6AEF6}.Debug|x86.ActiveCfg = Debug|Win32
		{B30501A3-455F-4E7D-BF2A-F5243FE6AEF6}.Debug|x86.Build.0 = Debug|Win32
		{B30501A3-455F-4E7D-BF2A-F5243FE6AEF6}.Release|ARM.ActiveCfg = Release|Win32
		{B30501A3-455F-4E7D-BF2A-F5243FE6AEF6}.Release|ARM64.ActiveCfg = Release|Win32
		{B30501A3-455F-4E7D-BF2A-F5243FE6AEF6}.Release|x64.ActiveCfg = Release|x64
		{B30501A3-455F-4E7D-BF2A-F5243FE6AEF6}.Release|x64.Build.0 = Release|x64
		{B30501A3-455F-4E7D-BF2A-F5243FE6AEF6}.Release|x86.ActiveCfg = Release|Win32
		{B30501A3-455F-4E7D-BF2A-F5243FE6AEF6}.Release|x86.Build.0 = Release|Win32
		{AD73C66C-54CA-410E-B8AE-C3FE3067B9B1}.Debug|ARM.ActiveCfg = Debug|Win32
		{AD73C66C-54CA-410E-B8AE-C3FE3067B9B1}.Debug|ARM64.ActiveCfg = Debug|Win32
		{AD73C66C-54CA-410E-B8AE-C3FE3067B9B1}.Debug|x64.ActiveCfg = Debug|x64
		{AD73C66C-54CA-410E-B8AE-C3FE3067B9B1}.Debug|x64.Build.0 = Debug|x64
		{AD73C66C-54CA-410E-B8AE-C3FE3067B9B1}.Debug|x86.ActiveCfg = Debug|Win32
		{AD73C66C-54CA-410E-B8AE-C3FE3067B9B1}.Debug|x86.Build.0 = Debug|Win32
		{AD73C66C-54CA-410E-B8AE-C3FE3067B9B1}.Release|ARM.ActiveCfg = Release|Win32
		{AD73C66C-54CA-410E-B8AE-C3FE3067B9B1}.Release|ARM64.ActiveCfg = Release|Win32
		{AD73C66C-54CA-410E-B8AE-C3FE3067B9B1}.Release|x64.ActiveCfg = Release|x64
		{AD73C66C-54CA-410E-B8AE-C3FE3067B9B1}.Release|x64.Build.0 = Release|x64
		{AD73C66C-54CA-410E-B8AE-C3FE3067B9B1}.Release|x86.ActiveCfg = Release|Win32
		{AD73C66C-54CA-410E-B8AE-C3FE3067B9B1}.Release|x86.Build.0 = Release|Win32
		{385FD0F1-C90B-4457-BA65-E5E6086FDAB3}.Debug|ARM.ActiveCfg = Debug|Win32
		{385FD0F1-C90B-4457-BA65-E5E6086FDAB3}.Debug|ARM64.ActiveCfg = Debug|Win32
		{385FD0F1-C90B-4457-BA65-E5E6086FDAB3}.Debug|x64.ActiveCfg = Debug|x64
		{385FD0F1-C90B-4457-BA65-E5E6086FDAB3}.Debug|x64.Build.0 = Debug|x64
		{385FD0F1-C90B-4457-BA65-E5E6086FDAB3}.Debug|x86.ActiveCfg = Debug|Win32
		{385FD0F1-C90B-4457-BA65-E5E6086FDAB3}.Debug|x86.Build.0 = Debug|Win32
		{385FD0F1-C90B-4457-BA65-E5E6086FDAB3}.Release|ARM.ActiveCfg = Release|Win32
		{385FD0F1-C90B-4457-BA65-E5E6086FDAB3}.Release|ARM64.ActiveCfg = Release|Win32
		{385FD0F1-C90B-4457-BA65-E5E6086FDAB3}.Release|x64.ActiveCfg = Release|x64
		{385FD0F1-C90B-4457-BA65-E5E6086FDAB3}.Release|x64.Build.0 = Release|x64
		{385FD0F1-C90B-4457-BA65-E5E6086FDAB3}.Release|x86.ActiveCfg = Release|Win32
		{385FD0F1-C90B-4457-BA65-E5E6086FDAB3}.Release|x86.Build.0 = Release|Win32
		{ABAD9712-CDCB-4D79-95D7-282767BAE28C}.Debug|ARM.ActiveCfg = Debug|Win32
		{ABAD9712-CDCB-4D79-95D7-282767BAE28C}.Debug|ARM64.ActiveCfg = Debug|Win32
		{ABAD9712-CDCB-4D79-95D7-282767BAE28C}.Debug|x64.ActiveCfg = Debug|x64
		{ABAD9712-CDCB-4D79-95D7-282767BAE28C}.Debug|x86.ActiveCfg = Debug|Win32
		{ABAD9712-CDCB-4D79-95D7-282767BAE28C}.Debug|x86.Build.0 = Debug|Win32
		{ABAD9712-CDCB-4D79-95D7-282767BAE28C}.Release|ARM.ActiveCfg = Release|Win32
		{ABAD9712-CDCB-4D79-95D7-282767BAE28C}.Release|ARM64.ActiveCfg = Release|Win32
		{ABAD9712-CDCB-4D79-95D7-282767BAE28C}.Release|x64.ActiveCfg = Release|x64
		{ABAD9712-CDCB-4D79-95D7-282767BAE28C}.Release|x86.ActiveCfg = Release|Win32
		{ABAD9712-CDCB-4D79-95D7-282767BAE28C}.Release|x86.Build.0 = Release|Win32
		{50C04D67-8143-42A8-90F7-52C6881ECBEC}.Debug|ARM.ActiveCfg = Debug|Win32
		{50C04D67-8143-42A8-90F7-52C6881ECBEC}.Debug|ARM64.ActiveCfg = Debug|Win32
		{50C04D67-8143-42A8-90F7-52C6881ECBEC}.Debug|x64.ActiveCfg = Debug|x64
		{50C04D67-8143-42A8-90F7-52C6881ECBEC}.Debug|x64.Build.0 = Debug|x64
		{50C04D67-8143-42A8-90F7-52C6881ECBEC}.Debug|x86.ActiveCfg = Debug|Win32
		{50C04D67-8143-42A8-90F7-52C6881ECBEC}.Debug|x86.Build.0 = Debug|Win32
		{50C04D67-8143-42A8-90F7-52C6881ECBEC}.Release|ARM.ActiveCfg = Release|Win32
		{50C04D67-8143-42A8-90F7-52C6881ECBEC}.Release|ARM64.ActiveCfg = Release|Win32
		{50C04D67-8143-42A8-90F7-52C6881ECBEC}.Release|x64.ActiveCfg = Release|x64
		{50C04D67-8143-42A8-90F7-52C6881ECBEC}.Release|x64.Build.0 = Release|x64
		{50C04D67-8143-42A8-90F7-52C6881ECBEC}.Release|x86.ActiveCfg = Release|Win32
		{50C04D67-8143-42A8-90F7-52C6881ECBEC}.Release|x86.Build.0 = Release|Win32
		{D2624E0A-424B-4945-ACA5-70747E9B13B2}.Debug|ARM.ActiveCfg = Debug|Win32
		{D2624E0A-424B-4945-ACA5-70747E9B13B2}.Debug|ARM64.ActiveCfg = Debug|Win32
		{D2624E0A-424B-4945-ACA5-70747E9B13B2}.Debug|x64.ActiveCfg = Debug|x64
		{D2624E0A-424B-4945-ACA5-70747E9B13B2}.Debug|x64.Build.0 = Debug|x64
		{D2624E0A-424B-4945-ACA5-70747E9B13B2}.Debug|x86.ActiveCfg = Debug|Win32
		{D2624E0A-424B-4945-ACA5-70747E9B13B2}.Debug|x86.Build.0 = Debug|Win32
		{D2624E0A-424B-4945-ACA5-70747E9B13B2}.Release|ARM.ActiveCfg = Release|Win32
		{D2624E0A-424B-4945-ACA5-70747E9B13B2}.Release|ARM64.ActiveCfg = Release|Win32
		{D2624E0A-424B-4945-ACA5-70747E9B13B2}.Release|x64.ActiveCfg = Release|x64
		{D2624E0A-424B-4945-ACA5-70747E9B13B2}.Release|x64.Build.0 = Release|x64
		{D2624E0A-424B-4945-ACA5-70747E9B13B2}.Release|x86.ActiveCfg = Release|Win32
		{D2624E0A-424B-4945-ACA5-70747E9B13B2}.Release|x86.Build.0 = Release|Win32
		{61B2C9B7-E61D-422A-B3D4-D090F0F180FE}.Debug|ARM.ActiveCfg = Debug|Win32
		{61B2C9B7-E61D-422A-B3D4-D090F0F180FE}.Debug|ARM64.ActiveCfg = Debug|Win32
		{61B2C9B7-E61D-422A-B3D4-D090F0F180FE}.Debug|x64.ActiveCfg = Debug|x64
		{61B2C9B7-E61D-422A-B3D4-D090F0F180FE}.Debug|x64.Build.0 = Debug|x64
		{61B2C9B7-E61D-422A-B3D4-D090F0F180FE}.Debug|x86.ActiveCfg = Debug|Win32
		{61B2C9B7-E61D-422A-B3D4-D090F0F180FE}.Debug|x86.Build.0 = Debug|Win32
		{61B2C9B7-E61D-422A-B3D4-D090F0F180FE}.Release|ARM.ActiveCfg = Release|Win32
		{61B2C9B7-E61D-422A-B3D4-D090F0F180FE}.Release|ARM64.ActiveCfg = Release|Win32
		{61B2C9B7-E61D-422A-B3D4-D090F0F180FE}.Release|x64.ActiveCfg = Release|x64
		{61B2C9B7-E61D-422A-B3D4-D090F0F180FE}.Release|x64.Build.0 = Release|x64
		{61B2C9B7-E61D-422A-B3D4-D090F0F180FE}.Release|x86.ActiveCfg = Release|Win32
		{61B2C9B7-E61D-422A-B3D4-D090F0F180FE}.Release|x86.Build.0 = Release|Win32
		{365F503C-D8CC-4737-9B55-B7DA268D541A}.Debug|ARM.ActiveCfg = Debug|Win32
		{365F503C-D8CC-4737-9B55-B7DA268D541A}.Debug|ARM64.ActiveCfg = Debug|Win32
		{365F503C-D8CC-4737-9B55-B7DA268D541A}.Debug|x64.ActiveCfg = Debug|x64
		{365F503C-D8CC-4737-9B55-B7DA268D541A}.Debug|x64.Build.0 = Debug|x64
		{365F503C-D8CC-4737-9B55-B7DA268D541A}.Debug|x86.ActiveCfg = Debug|Win32
		{365F503C-D8CC-4737-9B55-B7DA268D541A}.Debug|x86.Build.0 = Debug|Win32
		{365F503C-D8CC-4737-9B55-B7DA268D541A}.Release|ARM.ActiveCfg = Release|Win32
		{365F503C-D8CC-4737-9B55-B7DA268D541A}.Release|ARM64.ActiveCfg = Release|Win32
		{365F503C-D8CC-4737-9B55-B7DA268D541A}.Release|x64.ActiveCfg = Release|x64
		{365F503C-D8CC-4737-9B55-B7DA268D541A}.Release|x64.Build.0 = Release|x64
		{365F503C-D8CC-4737-9B55-B7DA268D541A}.Release|x86.ActiveCfg = Release|Win32
		{365F503C-D8CC-4737-9B55-B7DA268D541A}.Release|x86.Build.0 = Release|Win32
		{FE796201-CC9B-4AAE-BD1C-2ECAD299B523}.Debug|ARM.ActiveCfg = Debug|Win32
		{FE796201-CC9B-4AAE-BD1C-2ECAD299B523}.Debug|ARM64.ActiveCfg = Debug|Win32
		{FE796201-CC9B-4AAE-BD1C-2ECAD299B523}.Debug|x64.ActiveCfg = Debug|x64
		{FE796201-CC9B-4AAE-BD1C-2ECAD299B523}.Debug|x64.Build.0 = Debug|x64
		{FE796201-CC9B-4AAE-BD1C-2ECAD299B523}.Debug|x86.ActiveCfg = Debug|Win32
		{FE796201-CC9B-4AAE-BD1C-2ECAD299B523}.Debug|x86.Build.0 = Debug|Win32
		{FE796201-CC9B-4AAE-BD1C-2ECAD299B523}.Release|ARM.ActiveCfg = Release|Win32
		{FE796201-CC9B-4AAE-BD1C-2ECAD299B523}.Release|ARM64.ActiveCfg = Release|Win32
		{FE796201-CC9B-4AAE-BD1C-2ECAD299B523}.Release|x64.ActiveCfg = Release|x64
		{FE796201-CC9B-4AAE-BD1C-2ECAD299B523}.Release|x64.Build.0 = Release|x64
		{FE796201-CC9B-4AAE-BD1C-2ECAD299B523}.Release|x86.ActiveCfg = Release|Win32
		{FE796201-CC9B-4AAE-BD1C-2ECAD299B523}.Release|x86.Build.0 = Release|Win32
		{804BC20C-9581-4AF7-8841-B850BBD7F6AE}.Debug|ARM.ActiveCfg = Debug|ARM
		{804BC20C-9581-4AF7-8841-B850BBD7F6AE}.Debug|ARM.Build.0 = Debug|ARM
		{804BC20C-9581-4AF7-8841-B850BBD7F6AE}.Debug|ARM.Deploy.0 = Debug|ARM
		{804BC20C-9581-4AF7-8841-B850BBD7F6AE}.Debug|ARM64.ActiveCfg = Debug|ARM64
		{804BC20C-9581-4AF7-8841-B850BBD7F6AE}.Debug|ARM64.Build.0 = Debug|ARM64
		{804BC20C-9581-4AF7-8841-B850BBD7F6AE}.Debug|ARM64.Deploy.0 = Debug|ARM64
		{804BC20C-9581-4AF7-8841-B850BBD7F6AE}.Debug|x64.ActiveCfg = Debug|x64
		{804BC20C-9581-4AF7-8841-B850BBD7F6AE}.Debug|x64.Build.0 = Debug|x64
		{804BC20C-9581-4AF7-8841-B850BBD7F6AE}.Debug|x64.Deploy.0 = Debug|x64
		{804BC20C-9581-4AF7-8841-B850BBD7F6AE}.Debug|x86.ActiveCfg = Debug|Win32
		{804BC20C-9581-4AF7-8841-B850BBD7F6AE}.Debug|x86.Build.0 = Debug|Win32
		{804BC20C-9581-4AF7-8841-B850BBD7F6AE}.Debug|x86.Deploy.0 = Debug|Win32
		{804BC20C-9581-4AF7-8841-B850BBD7F6AE}.Release|ARM.ActiveCfg = Release|ARM
		{804BC20C-9581-4AF7-8841-B850BBD7F6AE}.Release|ARM.Build.0 = Release|ARM
		{804BC20C-9581-4AF7-8841-B850BBD7F6AE}.Release|ARM.Deploy.0 = Release|ARM
		{804BC20C-9581-4AF7-8841-B850BBD7F6AE}.Release|ARM64.ActiveCfg = Release|ARM64
		{804BC20C-9581-4AF7-8841-B850BBD7F6AE}.Release|ARM64.Build.0 = Release|ARM64
		{804BC20C-9581-4AF7-8841-B850BBD7F6AE}.Release|ARM64.Deploy.0 = Release|ARM64
		{804BC20C-9581-4AF7-8841-B850BBD7F6AE}.Release|x64.ActiveCfg = Release|x64
		{804BC20C-9581-4AF7-8841-B850BBD7F6AE}.Release|x64.Build.0 = Release|x64
		{804BC20C-9581-4AF7-8841-B850BBD7F6AE}.Release|x64.Deploy.0 = Release|x64
		{804BC20C-9581-4AF7-8841-B850BBD7F6AE}.Release|x86.ActiveCfg = Release|Win32
		{804BC20C-9581-4AF7-8841-B850BBD7F6AE}.Release|x86.Build.0 = Release|Win32
		{804BC20C-9581-4AF7-8841-B850BBD7F6AE}.Release|x86.Deploy.0 = Release|Win32
		{33A5F622-5B4A-4ED0-A7CA-25D732DA751B}.Debug|ARM.ActiveCfg = Debug|ARM
		{33A5F622-5B4A-4ED0-A7CA-25D732DA751B}.Debug|ARM.Build.0 = Debug|ARM
		{33A5F622-5B4A-4ED0-A7CA-25D732DA751B}.Debug|ARM.Deploy.0 = Debug|ARM
		{33A5F622-5B4A-4ED0-A7CA-25D732DA751B}.Debug|ARM64.ActiveCfg = Debug|ARM64
		{33A5F622-5B4A-4ED0-A7CA-25D732DA751B}.Debug|ARM64.Build.0 = Debug|ARM64
		{33A5F622-5B4A-4ED0-A7CA-25D732DA751B}.Debug|ARM64.Deploy.0 = Debug|ARM64
		{33A5F622-5B4A-4ED0-A7CA-25D732DA751B}.Debug|x64.ActiveCfg = Debug|x64
		{33A5F622-5B4A-4ED0-A7CA-25D732DA751B}.Debug|x64.Build.0 = Debug|x64
		{33A5F622-5B4A-4ED0-A7CA-25D732DA751B}.Debug|x64.Deploy.0 = Debug|x64
		{33A5F622-5B4A-4ED0-A7CA-25D732DA751B}.Debug|x86.ActiveCfg = Debug|Win32
		{33A5F622-5B4A-4ED0-A7CA-25D732DA751B}.Debug|x86.Build.0 = Debug|Win32
		{33A5F622-5B4A-4ED0-A7CA-25D732DA751B}.Debug|x86.Deploy.0 = Debug|Win32
		{33A5F622-5B4A-4ED0-A7CA-25D732DA751B}.Release|ARM.ActiveCfg = Release|ARM
		{33A5F622-5B4A-4ED0-A7CA-25D732DA751B}.Release|ARM.Build.0 = Release|ARM
		{33A5F622-5B4A-4ED0-A7CA-25D732DA751B}.Release|ARM.Deploy.0 = Release|ARM
		{33A5F622-5B4A-4ED0-A7CA-25D732DA751B}.Release|ARM64.ActiveCfg = Release|ARM64
		{33A5F622-5B4A-4ED0-A7CA-25D732DA751B}.Release|ARM64.Build.0 = Release|ARM64
		{33A5F622-5B4A-4ED0-A7CA-25D732DA751B}.Release|ARM64.Deploy.0 = Release|ARM64
		{33A5F622-5B4A-4ED0-A7CA-25D732DA751B}.Release|x64.ActiveCfg = Release|x64
		{33A5F622-5B4A-4ED0-A7CA-25D732DA751B}.Release|x64.Build.0 = Release|x64
		{33A5F622-5B4A-4ED0-A7CA-25D732DA751B}.Release|x64.Deploy.0 = Release|x64
		{33A5F622-5B4A-4ED0-A7CA-25D732DA751B}.Release|x86.ActiveCfg = Release|Win32
		{33A5F622-5B4A-4ED0-A7CA-25D732DA751B}.Release|x86.Build.0 = Release|Win32
		{33A5F622-5B4A-4ED0-A7CA-25D732DA751B}.Release|x86.Deploy.0 = Release|Win32
	EndGlobalSection
	GlobalSection(SolutionProperties) = preSolution
		HideSolutionNode = FALSE
	EndGlobalSection
	GlobalSection(NestedProjects) = preSolution
		{17504BEA-A25B-4B7F-8819-35426625430D} = {9B50C8A6-C747-4383-8DFF-FCDDD1030567}
		{4309D3BF-96CE-4554-A4D4-53035758D09E} = {30307182-57B4-4A68-939C-9A3500329E21}
		{2CC2B990-0F24-4E21-A51A-D0ACE6BF7382} = {30307182-57B4-4A68-939C-9A3500329E21}
		{B6CD3340-EB51-4C33-862F-0054EFC21ACA} = {30307182-57B4-4A68-939C-9A3500329E21}
		{7C6983B4-8E16-4A3A-9494-E4155180EB63} = {30307182-57B4-4A68-939C-9A3500329E21}
		{1EA46907-94CE-4BD8-A884-F915ED0C7637} = {30307182-57B4-4A68-939C-9A3500329E21}
		{B30501A3-455F-4E7D-BF2A-F5243FE6AEF6} = {30307182-57B4-4A68-939C-9A3500329E21}
		{385FD0F1-C90B-4457-BA65-E5E6086FDAB3} = {30307182-57B4-4A68-939C-9A3500329E21}
		{ABAD9712-CDCB-4D79-95D7-282767BAE28C} = {9B50C8A6-C747-4383-8DFF-FCDDD1030567}
		{D2624E0A-424B-4945-ACA5-70747E9B13B2} = {30307182-57B4-4A68-939C-9A3500329E21}
		{61B2C9B7-E61D-422A-B3D4-D090F0F180FE} = {1ABF5D87-D53B-41CC-88E6-5329662172C8}
		{365F503C-D8CC-4737-9B55-B7DA268D541A} = {1ABF5D87-D53B-41CC-88E6-5329662172C8}
		{FE796201-CC9B-4AAE-BD1C-2ECAD299B523} = {30307182-57B4-4A68-939C-9A3500329E21}
	EndGlobalSection
	GlobalSection(ExtensibilityGlobals) = postSolution
		SolutionGuid = {468E8D2E-5C59-4484-BBB8-827BE4877112}
	EndGlobalSection
EndGlobal
